# @generated by Move, please check-in and do not edit manually.

[move]
version = 3
manifest_digest = "ACE8B4B82291854A4E5F2D6C9143C3B9CDADF4B402B023B64413827861C77EB3"
deps_digest = "060AD7E57DFB13104F21BE5F5C3759D03F0553FC3229247D9A7A6B45F50D03A3"
dependencies = [
  { name = "Sui" },
  { name = "WAL" },
  { name = "WAL_exchange" },
]

[[move.package]]
name = "MoveStdlib"
source = { git = "https://github.com/MystenLabs/sui.git", rev = "testnet-v1.39.1", subdir = "crates/sui-framework/packages/move-stdlib" }

[[move.package]]
name = "Sui"
source = { git = "https://github.com/MystenLabs/sui.git", rev = "testnet-v1.39.1", subdir = "crates/sui-framework/packages/sui-framework" }

dependencies = [
  { name = "MoveStdlib" },
]

[[move.package]]
name = "WAL"
source = { local = "../wal" }

dependencies = [
  { name = "Sui" },
]

[[move.package]]
name = "WAL_exchange"
source = { local = "../wal_exchange" }

dependencies = [
  { name = "Sui" },
  { name = "WAL" },
]

[move.toolchain-version]
compiler-version = "1.33.1"
edition = "2024.beta"
flavor = "sui"

[env]

[env.testnet]
chain-id = "4c78adac"
original-published-id = "0x9f992cc2430a1f442ca7a5ca7638169f5d5c00e0ebc3977a65e9ac6e497fe5ef"
latest-published-id = "0x3d35ad1028562025f6f24336f0298d3775ba896bbbb63be7ad5b9fee8255dd89"
published-version = "3"
