# @generated by Move, please check-in and do not edit manually.

[move]
version = 3
manifest_digest = "71641E43BB05DCBEA729E8B96E9B486D2DFB7372AD1264D4F7B9CC425D8A3CEF"
deps_digest = "F8BBB0CCB2491CA29A3DF03D6F92277A4F3574266507ACD77214D37ECA3F3082"
dependencies = [
  { name = "Sui" },
]

[[move.package]]
name = "MoveStdlib"
source = { git = "https://github.com/MystenLabs/sui.git", rev = "testnet-v1.40.1", subdir = "crates/sui-framework/packages/move-stdlib" }

[[move.package]]
name = "Sui"
source = { git = "https://github.com/MystenLabs/sui.git", rev = "testnet-v1.40.1", subdir = "crates/sui-framework/packages/sui-framework" }

dependencies = [
  { name = "MoveStdlib" },
]

[move.toolchain-version]
compiler-version = "1.33.1"
edition = "2024.beta"
flavor = "sui"

[env]

[env.testnet]
chain-id = "4c78adac"
original-published-id = "0x8190b041122eb492bf63cb464476bd68c6b7e570a4079645a8b28732b6197a82"
latest-published-id = "0x8190b041122eb492bf63cb464476bd68c6b7e570a4079645a8b28732b6197a82"
published-version = "1"
